
Microsoft Visual Studio Solution File, Format Version 12.00
# Visual Studio 15
VisualStudioVersion = 15.0.28010.2036
MinimumVisualStudioVersion = 10.0.40219.1
Project("{FAE04EC0-301F-11D3-BF4B-00C04F79EFBC}") = "Lands.Android", "Lands\Lands.Android\Lands.Android.csproj", "{29E1F18F-BBA3-49D7-85CF-7A6873AC30AA}"
EndProject
Project("{FAE04EC0-301F-11D3-BF4B-00C04F79EFBC}") = "Lands.iOS", "Lands\Lands.iOS\Lands.iOS.csproj", "{A2228C69-49B5-4DA9-B41B-7279E0439230}"
EndProject
Project("{FAE04EC0-301F-11D3-BF4B-00C04F79EFBC}") = "Lands", "Lands\Lands\Lands.csproj", "{E438323E-2C2C-48E6-8F65-5F967699A4DC}"
EndProject
Global
	GlobalSection(SolutionConfigurationPlatforms) = preSolution
		Ad-Hoc|Any CPU = Ad-Hoc|Any CPU
		Ad-Hoc|iPhone = Ad-Hoc|iPhone
		Ad-Hoc|iPhoneSimulator = Ad-Hoc|iPhoneSimulator
		AppStore|Any CPU = AppStore|Any CPU
		AppStore|iPhone = AppStore|iPhone
		AppStore|iPhoneSimulator = AppStore|iPhoneSimulator
		Debug|Any CPU = Debug|Any CPU
		Debug|iPhone = Debug|iPhone
		Debug|iPhoneSimulator = Debug|iPhoneSimulator
		Release|Any CPU = Release|Any CPU
		Release|iPhone = Release|iPhone
		Release|iPhoneSimulator = Release|iPhoneSimulator
	EndGlobalSection
	GlobalSection(ProjectConfigurationPlatforms) = postSolution
		{29E1F18F-BBA3-49D7-85CF-7A6873AC30AA}.Ad-Hoc|Any CPU.ActiveCfg = Release|Any CPU
		{29E1F18F-BBA3-49D7-85CF-7A6873AC30AA}.Ad-Hoc|Any CPU.Build.0 = Release|Any CPU
		{29E1F18F-BBA3-49D7-85CF-7A6873AC30AA}.Ad-Hoc|Any CPU.Deploy.0 = Release|Any CPU
		{29E1F18F-BBA3-49D7-85CF-7A6873AC30AA}.Ad-Hoc|iPhone.ActiveCfg = Release|Any CPU
		{29E1F18F-BBA3-49D7-85CF-7A6873AC30AA}.Ad-Hoc|iPhone.Build.0 = Release|Any CPU
		{29E1F18F-BBA3-49D7-85CF-7A6873AC30AA}.Ad-Hoc|iPhone.Deploy.0 = Release|Any CPU
		{29E1F18F-BBA3-49D7-85CF-7A6873AC30AA}.Ad-Hoc|iPhoneSimulator.ActiveCfg = Release|Any CPU
		{29E1F18F-BBA3-49D7-85CF-7A6873AC30AA}.Ad-Hoc|iPhoneSimulator.Build.0 = Release|Any CPU
		{29E1F18F-BBA3-49D7-85CF-7A6873AC30AA}.Ad-Hoc|iPhoneSimulator.Deploy.0 = Release|Any CPU
		{29E1F18F-BBA3-49D7-85CF-7A6873AC30AA}.AppStore|Any CPU.ActiveCfg = Release|Any CPU
		{29E1F18F-BBA3-49D7-85CF-7A6873AC30AA}.AppStore|Any CPU.Build.0 = Release|Any CPU
		{29E1F18F-BBA3-49D7-85CF-7A6873AC30AA}.AppStore|Any CPU.Deploy.0 = Release|Any CPU
		{29E1F18F-BBA3-49D7-85CF-7A6873AC30AA}.AppStore|iPhone.ActiveCfg = Release|Any CPU
		{29E1F18F-BBA3-49D7-85CF-7A6873AC30AA}.AppStore|iPhone.Build.0 = Release|Any CPU
		{29E1F18F-BBA3-49D7-85CF-7A6873AC30AA}.AppStore|iPhone.Deploy.0 = Release|Any CPU
		{29E1F18F-BBA3-49D7-85CF-7A6873AC30AA}.AppStore|iPhoneSimulator.ActiveCfg = Release|Any CPU
		{29E1F18F-BBA3-49D7-85CF-7A6873AC30AA}.AppStore|iPhoneSimulator.Build.0 = Release|Any CPU
		{29E1F18F-BBA3-49D7-85CF-7A6873AC30AA}.AppStore|iPhoneSimulator.Deploy.0 = Release|Any CPU
		{29E1F18F-BBA3-49D7-85CF-7A6873AC30AA}.Debug|Any CPU.ActiveCfg = Debug|Any CPU
		{29E1F18F-BBA3-49D7-85CF-7A6873AC30AA}.Debug|Any CPU.Build.0 = Debug|Any CPU
		{29E1F18F-BBA3-49D7-85CF-7A6873AC30AA}.Debug|Any CPU.Deploy.0 = Debug|Any CPU
		{29E1F18F-BBA3-49D7-85CF-7A6873AC30AA}.Debug|iPhone.ActiveCfg = Debug|Any CPU
		{29E1F18F-BBA3-49D7-85CF-7A6873AC30AA}.Debug|iPhone.Build.0 = Debug|Any CPU
		{29E1F18F-BBA3-49D7-85CF-7A6873AC30AA}.Debug|iPhone.Deploy.0 = Debug|Any CPU
		{29E1F18F-BBA3-49D7-85CF-7A6873AC30AA}.Debug|iPhoneSimulator.ActiveCfg = Debug|Any CPU
		{29E1F18F-BBA3-49D7-85CF-7A6873AC30AA}.Debug|iPhoneSimulator.Build.0 = Debug|Any CPU
		{29E1F18F-BBA3-49D7-85CF-7A6873AC30AA}.Debug|iPhoneSimulator.Deploy.0 = Debug|Any CPU
		{29E1F18F-BBA3-49D7-85CF-7A6873AC30AA}.Release|Any CPU.ActiveCfg = Release|Any CPU
		{29E1F18F-BBA3-49D7-85CF-7A6873AC30AA}.Release|Any CPU.Build.0 = Release|Any CPU
		{29E1F18F-BBA3-49D7-85CF-7A6873AC30AA}.Release|Any CPU.Deploy.0 = Release|Any CPU
		{29E1F18F-BBA3-49D7-85CF-7A6873AC30AA}.Release|iPhone.ActiveCfg = Release|Any CPU
		{29E1F18F-BBA3-49D7-85CF-7A6873AC30AA}.Release|iPhone.Build.0 = Release|Any CPU
		{29E1F18F-BBA3-49D7-85CF-7A6873AC30AA}.Release|iPhone.Deploy.0 = Release|Any CPU
		{29E1F18F-BBA3-49D7-85CF-7A6873AC30AA}.Release|iPhoneSimulator.ActiveCfg = Release|Any CPU
		{29E1F18F-BBA3-49D7-85CF-7A6873AC30AA}.Release|iPhoneSimulator.Build.0 = Release|Any CPU
		{29E1F18F-BBA3-49D7-85CF-7A6873AC30AA}.Release|iPhoneSimulator.Deploy.0 = Release|Any CPU
		{A2228C69-49B5-4DA9-B41B-7279E0439230}.Ad-Hoc|Any CPU.ActiveCfg = Ad-Hoc|iPhone
		{A2228C69-49B5-4DA9-B41B-7279E0439230}.Ad-Hoc|Any CPU.Build.0 = Ad-Hoc|iPhone
		{A2228C69-49B5-4DA9-B41B-7279E0439230}.Ad-Hoc|Any CPU.Deploy.0 = Ad-Hoc|iPhone
		{A2228C69-49B5-4DA9-B41B-7279E0439230}.Ad-Hoc|iPhone.ActiveCfg = Ad-Hoc|iPhone
		{A2228C69-49B5-4DA9-B41B-7279E0439230}.Ad-Hoc|iPhone.Build.0 = Ad-Hoc|iPhone
		{A2228C69-49B5-4DA9-B41B-7279E0439230}.Ad-Hoc|iPhone.Deploy.0 = Ad-Hoc|iPhone
		{A2228C69-49B5-4DA9-B41B-7279E0439230}.Ad-Hoc|iPhoneSimulator.ActiveCfg = Ad-Hoc|iPhoneSimulator
		{A2228C69-49B5-4DA9-B41B-7279E0439230}.Ad-Hoc|iPhoneSimulator.Build.0 = Ad-Hoc|iPhoneSimulator
		{A2228C69-49B5-4DA9-B41B-7279E0439230}.Ad-Hoc|iPhoneSimulator.Deploy.0 = Ad-Hoc|iPhoneSimulator
		{A2228C69-49B5-4DA9-B41B-7279E0439230}.AppStore|Any CPU.ActiveCfg = AppStore|iPhone
		{A2228C69-49B5-4DA9-B41B-7279E0439230}.AppStore|Any CPU.Build.0 = AppStore|iPhone
		{A2228C69-49B5-4DA9-B41B-7279E0439230}.AppStore|Any CPU.Deploy.0 = AppStore|iPhone
		{A2228C69-49B5-4DA9-B41B-7279E0439230}.AppStore|iPhone.ActiveCfg = AppStore|iPhone
		{A2228C69-49B5-4DA9-B41B-7279E0439230}.AppStore|iPhone.Build.0 = AppStore|iPhone
		{A2228C69-49B5-4DA9-B41B-7279E0439230}.AppStore|iPhone.Deploy.0 = AppStore|iPhone
		{A2228C69-49B5-4DA9-B41B-7279E0439230}.AppStore|iPhoneSimulator.ActiveCfg = AppStore|iPhoneSimulator
		{A2228C69-49B5-4DA9-B41B-7279E0439230}.AppStore|iPhoneSimulator.Build.0 = AppStore|iPhoneSimulator
		{A2228C69-49B5-4DA9-B41B-7279E0439230}.AppStore|iPhoneSimulator.Deploy.0 = AppStore|iPhoneSimulator
		{A2228C69-49B5-4DA9-B41B-7279E0439230}.Debug|Any CPU.ActiveCfg = Debug|iPhoneSimulator
		{A2228C69-49B5-4DA9-B41B-7279E0439230}.Debug|Any CPU.Build.0 = Debug|iPhoneSimulator
		{A2228C69-49B5-4DA9-B41B-7279E0439230}.Debug|Any CPU.Deploy.0 = Debug|iPhoneSimulator
		{A2228C69-49B5-4DA9-B41B-7279E0439230}.Debug|iPhone.ActiveCfg = Debug|iPhone
		{A2228C69-49B5-4DA9-B41B-7279E0439230}.Debug|iPhone.Build.0 = Debug|iPhone
		{A2228C69-49B5-4DA9-B41B-7279E0439230}.Debug|iPhone.Deploy.0 = Debug|iPhone
		{A2228C69-49B5-4DA9-B41B-7279E0439230}.Debug|iPhoneSimulator.ActiveCfg = Debug|iPhoneSimulator
		{A2228C69-49B5-4DA9-B41B-7279E0439230}.Debug|iPhoneSimulator.Build.0 = Debug|iPhoneSimulator
		{A2228C69-49B5-4DA9-B41B-7279E0439230}.Debug|iPhoneSimulator.Deploy.0 = Debug|iPhoneSimulator
		{A2228C69-49B5-4DA9-B41B-7279E0439230}.Release|Any CPU.ActiveCfg = Release|iPhone
		{A2228C69-49B5-4DA9-B41B-7279E0439230}.Release|Any CPU.Build.0 = Release|iPhone
		{A2228C69-49B5-4DA9-B41B-7279E0439230}.Release|Any CPU.Deploy.0 = Release|iPhone
		{A2228C69-49B5-4DA9-B41B-7279E0439230}.Release|iPhone.ActiveCfg = Release|iPhone
		{A2228C69-49B5-4DA9-B41B-7279E0439230}.Release|iPhone.Build.0 = Release|iPhone
		{A2228C69-49B5-4DA9-B41B-7279E0439230}.Release|iPhone.Deploy.0 = Release|iPhone
		{A2228C69-49B5-4DA9-B41B-7279E0439230}.Release|iPhoneSimulator.ActiveCfg = Release|iPhoneSimulator
		{A2228C69-49B5-4DA9-B41B-7279E0439230}.Release|iPhoneSimulator.Build.0 = Release|iPhoneSimulator
		{A2228C69-49B5-4DA9-B41B-7279E0439230}.Release|iPhoneSimulator.Deploy.0 = Release|iPhoneSimulator
		{E438323E-2C2C-48E6-8F65-5F967699A4DC}.Ad-Hoc|Any CPU.ActiveCfg = Debug|Any CPU
		{E438323E-2C2C-48E6-8F65-5F967699A4DC}.Ad-Hoc|Any CPU.Build.0 = Debug|Any CPU
		{E438323E-2C2C-48E6-8F65-5F967699A4DC}.Ad-Hoc|Any CPU.Deploy.0 = Debug|Any CPU
		{E438323E-2C2C-48E6-8F65-5F967699A4DC}.Ad-Hoc|iPhone.ActiveCfg = Debug|Any CPU
		{E438323E-2C2C-48E6-8F65-5F967699A4DC}.Ad-Hoc|iPhone.Build.0 = Debug|Any CPU
		{E438323E-2C2C-48E6-8F65-5F967699A4DC}.Ad-Hoc|iPhone.Deploy.0 = Debug|Any CPU
		{E438323E-2C2C-48E6-8F65-5F967699A4DC}.Ad-Hoc|iPhoneSimulator.ActiveCfg = Debug|Any CPU
		{E438323E-2C2C-48E6-8F65-5F967699A4DC}.Ad-Hoc|iPhoneSimulator.Build.0 = Debug|Any CPU
		{E438323E-2C2C-48E6-8F65-5F967699A4DC}.Ad-Hoc|iPhoneSimulator.Deploy.0 = Debug|Any CPU
		{E438323E-2C2C-48E6-8F65-5F967699A4DC}.AppStore|Any CPU.ActiveCfg = Debug|Any CPU
		{E438323E-2C2C-48E6-8F65-5F967699A4DC}.AppStore|Any CPU.Build.0 = Debug|Any CPU
		{E438323E-2C2C-48E6-8F65-5F967699A4DC}.AppStore|Any CPU.Deploy.0 = Debug|Any CPU
		{E438323E-2C2C-48E6-8F65-5F967699A4DC}.AppStore|iPhone.ActiveCfg = Debug|Any CPU
		{E438323E-2C2C-48E6-8F65-5F967699A4DC}.AppStore|iPhone.Build.0 = Debug|Any CPU
		{E438323E-2C2C-48E6-8F65-5F967699A4DC}.AppStore|iPhone.Deploy.0 = Debug|Any CPU
		{E438323E-2C2C-48E6-8F65-5F967699A4DC}.AppStore|iPhoneSimulator.ActiveCfg = Debug|Any CPU
		{E438323E-2C2C-48E6-8F65-5F967699A4DC}.AppStore|iPhoneSimulator.Build.0 = Debug|Any CPU
		{E438323E-2C2C-48E6-8F65-5F967699A4DC}.AppStore|iPhoneSimulator.Deploy.0 = Debug|Any CPU
		{E438323E-2C2C-48E6-8F65-5F967699A4DC}.Debug|Any CPU.ActiveCfg = Debug|Any CPU
		{E438323E-2C2C-48E6-8F65-5F967699A4DC}.Debug|Any CPU.Build.0 = Debug|Any CPU
		{E438323E-2C2C-48E6-8F65-5F967699A4DC}.Debug|Any CPU.Deploy.0 = Debug|Any CPU
		{E438323E-2C2C-48E6-8F65-5F967699A4DC}.Debug|iPhone.ActiveCfg = Debug|Any CPU
		{E438323E-2C2C-48E6-8F65-5F967699A4DC}.Debug|iPhone.Build.0 = Debug|Any CPU
		{E438323E-2C2C-48E6-8F65-5F967699A4DC}.Debug|iPhone.Deploy.0 = Debug|Any CPU
		{E438323E-2C2C-48E6-8F65-5F967699A4DC}.Debug|iPhoneSimulator.ActiveCfg = Debug|Any CPU
		{E438323E-2C2C-48E6-8F65-5F967699A4DC}.Debug|iPhoneSimulator.Build.0 = Debug|Any CPU
		{E438323E-2C2C-48E6-8F65-5F967699A4DC}.Debug|iPhoneSimulator.Deploy.0 = Debug|Any CPU
		{E438323E-2C2C-48E6-8F65-5F967699A4DC}.Release|Any CPU.ActiveCfg = Release|Any CPU
		{E438323E-2C2C-48E6-8F65-5F967699A4DC}.Release|Any CPU.Build.0 = Release|Any CPU
		{E438323E-2C2C-48E6-8F65-5F967699A4DC}.Release|Any CPU.Deploy.0 = Release|Any CPU
		{E438323E-2C2C-48E6-8F65-5F967699A4DC}.Release|iPhone.ActiveCfg = Release|Any CPU
		{E438323E-2C2C-48E6-8F65-5F967699A4DC}.Release|iPhone.Build.0 = Release|Any CPU
		{E438323E-2C2C-48E6-8F65-5F967699A4DC}.Release|iPhone.Deploy.0 = Release|Any CPU
		{E438323E-2C2C-48E6-8F65-5F967699A4DC}.Release|iPhoneSimulator.ActiveCfg = Release|Any CPU
		{E438323E-2C2C-48E6-8F65-5F967699A4DC}.Release|iPhoneSimulator.Build.0 = Release|Any CPU
		{E438323E-2C2C-48E6-8F65-5F967699A4DC}.Release|iPhoneSimulator.Deploy.0 = Release|Any CPU
	EndGlobalSection
	GlobalSection(SolutionProperties) = preSolution
		HideSolutionNode = FALSE
	EndGlobalSection
	GlobalSection(ExtensibilityGlobals) = postSolution
		SolutionGuid = {698952C7-7F27-4EFF-877B-EB57170F3EFC}
	EndGlobalSection
EndGlobal
