
Microsoft Visual Studio Solution File, Format Version 12.00
# Visual Studio Version 16
VisualStudioVersion = 16.0.28803.352
MinimumVisualStudioVersion = 10.0.40219.1
Project("{FAE04EC0-301F-11D3-BF4B-00C04F79EFBC}") = "WindowsFormsApp2", "WindowsFormsApp2\WindowsFormsApp2.csproj", "{CBE47A64-8F37-4BA7-9A4B-060FA0173ADC}"
EndProject
Global
	GlobalSection(SolutionConfigurationPlatforms) = preSolution
		Debug|Any CPU = Debug|Any CPU
		Release|Any CPU = Release|Any CPU
	EndGlobalSection
	GlobalSection(ProjectConfigurationPlatforms) = postSolution
		{CBE47A64-8F37-4BA7-9A4B-060FA0173ADC}.Debug|Any CPU.ActiveCfg = Debug|Any CPU
		{CBE47A64-8F37-4BA7-9A4B-060FA0173ADC}.Debug|Any CPU.Build.0 = Debug|Any CPU
		{CBE47A64-8F37-4BA7-9A4B-060FA0173ADC}.Release|Any CPU.ActiveCfg = Release|Any CPU
		{CBE47A64-8F37-4BA7-9A4B-060FA0173ADC}.Release|Any CPU.Build.0 = Release|Any CPU
	EndGlobalSection
	GlobalSection(SolutionProperties) = preSolution
		HideSolutionNode = FALSE
	EndGlobalSection
	GlobalSection(ExtensibilityGlobals) = postSolution
		SolutionGuid = {1CA4DE4E-3E61-4B27-BD35-3D63EC529B01}
	EndGlobalSection
EndGlobal
