
Microsoft Visual Studio Solution File, Format Version 12.00
# Visual Studio 15
VisualStudioVersion = 15.0.28010.2036
MinimumVisualStudioVersion = 10.0.40219.1
Project("{FAE04EC0-301F-11D3-BF4B-00C04F79EFBC}") = "ConsoleApp1", "ConsoleApp1\ConsoleApp1.csproj", "{675C0DA1-E8CD-43B4-95A5-4708577445E7}"
EndProject
Global
	GlobalSection(SolutionConfigurationPlatforms) = preSolution
		Debug|Any CPU = Debug|Any CPU
		Release|Any CPU = Release|Any CPU
	EndGlobalSection
	GlobalSection(ProjectConfigurationPlatforms) = postSolution
		{675C0DA1-E8CD-43B4-95A5-4708577445E7}.Debug|Any CPU.ActiveCfg = Debug|Any CPU
		{675C0DA1-E8CD-43B4-95A5-4708577445E7}.Debug|Any CPU.Build.0 = Debug|Any CPU
		{675C0DA1-E8CD-43B4-95A5-4708577445E7}.Release|Any CPU.ActiveCfg = Release|Any CPU
		{675C0DA1-E8CD-43B4-95A5-4708577445E7}.Release|Any CPU.Build.0 = Release|Any CPU
	EndGlobalSection
	GlobalSection(SolutionProperties) = preSolution
		HideSolutionNode = FALSE
	EndGlobalSection
	GlobalSection(ExtensibilityGlobals) = postSolution
		SolutionGuid = {EED910D4-3143-4AB9-A8EA-001F2D65B927}
	EndGlobalSection
EndGlobal
