
Microsoft Visual Studio Solution File, Format Version 12.00
# Visual Studio 15
VisualStudioVersion = 15.0.27130.2036
MinimumVisualStudioVersion = 10.0.40219.1
Project("{F184B08F-C81C-45F6-A57F-5ABD9991F28F}") = "WindowsApp3", "WindowsApp3\WindowsApp3.vbproj", "{58950474-3181-4247-BE02-63B485FBD7A0}"
EndProject
Global
	GlobalSection(SolutionConfigurationPlatforms) = preSolution
		Debug|Any CPU = Debug|Any CPU
		Release|Any CPU = Release|Any CPU
	EndGlobalSection
	GlobalSection(ProjectConfigurationPlatforms) = postSolution
		{58950474-3181-4247-BE02-63B485FBD7A0}.Debug|Any CPU.ActiveCfg = Debug|Any CPU
		{58950474-3181-4247-BE02-63B485FBD7A0}.Debug|Any CPU.Build.0 = Debug|Any CPU
		{58950474-3181-4247-BE02-63B485FBD7A0}.Release|Any CPU.ActiveCfg = Release|Any CPU
		{58950474-3181-4247-BE02-63B485FBD7A0}.Release|Any CPU.Build.0 = Release|Any CPU
	EndGlobalSection
	GlobalSection(SolutionProperties) = preSolution
		HideSolutionNode = FALSE
	EndGlobalSection
	GlobalSection(ExtensibilityGlobals) = postSolution
		SolutionGuid = {76CFE4E0-FCB1-48BF-847C-6FF93FAF9BB3}
	EndGlobalSection
EndGlobal
