
Microsoft Visual Studio Solution File, Format Version 12.00
# Visual Studio Version 16
VisualStudioVersion = 16.0.28803.352
MinimumVisualStudioVersion = 10.0.40219.1
Project("{FAE04EC0-301F-11D3-BF4B-00C04F79EFBC}") = "ConsoleApp4", "ConsoleApp4\ConsoleApp4.csproj", "{1D34D8EE-F4A1-46D8-8DA2-B3BFB100EA1F}"
EndProject
Global
	GlobalSection(SolutionConfigurationPlatforms) = preSolution
		Debug|Any CPU = Debug|Any CPU
		Release|Any CPU = Release|Any CPU
	EndGlobalSection
	GlobalSection(ProjectConfigurationPlatforms) = postSolution
		{1D34D8EE-F4A1-46D8-8DA2-B3BFB100EA1F}.Debug|Any CPU.ActiveCfg = Debug|Any CPU
		{1D34D8EE-F4A1-46D8-8DA2-B3BFB100EA1F}.Debug|Any CPU.Build.0 = Debug|Any CPU
		{1D34D8EE-F4A1-46D8-8DA2-B3BFB100EA1F}.Release|Any CPU.ActiveCfg = Release|Any CPU
		{1D34D8EE-F4A1-46D8-8DA2-B3BFB100EA1F}.Release|Any CPU.Build.0 = Release|Any CPU
	EndGlobalSection
	GlobalSection(SolutionProperties) = preSolution
		HideSolutionNode = FALSE
	EndGlobalSection
	GlobalSection(ExtensibilityGlobals) = postSolution
		SolutionGuid = {75F5F501-B940-4DD8-908E-F8CF9152E2C0}
	EndGlobalSection
EndGlobal
