
Microsoft Visual Studio Solution File, Format Version 12.00
# Visual Studio 15
VisualStudioVersion = 15.0.28010.2036
MinimumVisualStudioVersion = 10.0.40219.1
Project("{FAE04EC0-301F-11D3-BF4B-00C04F79EFBC}") = "Proyecto", "Proyecto\Proyecto.csproj", "{1237096C-F03A-4675-84B3-BF66FCD1964C}"
EndProject
Global
	GlobalSection(SolutionConfigurationPlatforms) = preSolution
		Debug|Any CPU = Debug|Any CPU
		Release|Any CPU = Release|Any CPU
	EndGlobalSection
	GlobalSection(ProjectConfigurationPlatforms) = postSolution
		{1237096C-F03A-4675-84B3-BF66FCD1964C}.Debug|Any CPU.ActiveCfg = Debug|Any CPU
		{1237096C-F03A-4675-84B3-BF66FCD1964C}.Debug|Any CPU.Build.0 = Debug|Any CPU
		{1237096C-F03A-4675-84B3-BF66FCD1964C}.Release|Any CPU.ActiveCfg = Release|Any CPU
		{1237096C-F03A-4675-84B3-BF66FCD1964C}.Release|Any CPU.Build.0 = Release|Any CPU
	EndGlobalSection
	GlobalSection(SolutionProperties) = preSolution
		HideSolutionNode = FALSE
	EndGlobalSection
	GlobalSection(ExtensibilityGlobals) = postSolution
		SolutionGuid = {1741C00D-ECF5-43F7-8633-2DDBB46F8A0D}
	EndGlobalSection
EndGlobal
